
Microsoft Visual Studio Solution File, Format Version 12.00
# Visual Studio 15
VisualStudioVersion = 15.0.28307.102
MinimumVisualStudioVersion = 10.0.40219.1
Project("{9A19103F-16F7-4668-BE54-9A1E7A4F7556}") = "DndHelperApi", "DndHelperApi\DndHelperApi.csproj", "{7787EDD2-18D9-416D-8300-FC862DC01113}"
EndProject
Project("{9A19103F-16F7-4668-BE54-9A1E7A4F7556}") = "DndHelperApiTests", "DndHelperApiTests\DndHelperApiTests.csproj", "{D23F8B0B-7A4B-45A9-AEDA-E7C7211CA5E7}"
EndProject
Project("{9A19103F-16F7-4668-BE54-9A1E7A4F7556}") = "DndHelperApiDal", "DndHelperApiDal\DndHelperApiDal.csproj", "{1EAA8189-EC64-4F52-B1E4-F00FDCA8F767}"
EndProject
Project("{FAE04EC0-301F-11D3-BF4B-00C04F79EFBC}") = "DndHelperApiDatabase", "DndHelperApiDatabase\DndHelperApiDatabase.csproj", "{3554D0E8-65B8-4F5E-8553-EAFC9F877E1D}"
EndProject
Global
	GlobalSection(SolutionConfigurationPlatforms) = preSolution
		Debug|Any CPU = Debug|Any CPU
		Release|Any CPU = Release|Any CPU
	EndGlobalSection
	GlobalSection(ProjectConfigurationPlatforms) = postSolution
		{7787EDD2-18D9-416D-8300-FC862DC01113}.Debug|Any CPU.ActiveCfg = Debug|Any CPU
		{7787EDD2-18D9-416D-8300-FC862DC01113}.Debug|Any CPU.Build.0 = Debug|Any CPU
		{7787EDD2-18D9-416D-8300-FC862DC01113}.Release|Any CPU.ActiveCfg = Release|Any CPU
		{7787EDD2-18D9-416D-8300-FC862DC01113}.Release|Any CPU.Build.0 = Release|Any CPU
		{D23F8B0B-7A4B-45A9-AEDA-E7C7211CA5E7}.Debug|Any CPU.ActiveCfg = Debug|Any CPU
		{D23F8B0B-7A4B-45A9-AEDA-E7C7211CA5E7}.Debug|Any CPU.Build.0 = Debug|Any CPU
		{D23F8B0B-7A4B-45A9-AEDA-E7C7211CA5E7}.Release|Any CPU.ActiveCfg = Release|Any CPU
		{D23F8B0B-7A4B-45A9-AEDA-E7C7211CA5E7}.Release|Any CPU.Build.0 = Release|Any CPU
		{1EAA8189-EC64-4F52-B1E4-F00FDCA8F767}.Debug|Any CPU.ActiveCfg = Debug|Any CPU
		{1EAA8189-EC64-4F52-B1E4-F00FDCA8F767}.Debug|Any CPU.Build.0 = Debug|Any CPU
		{1EAA8189-EC64-4F52-B1E4-F00FDCA8F767}.Release|Any CPU.ActiveCfg = Release|Any CPU
		{1EAA8189-EC64-4F52-B1E4-F00FDCA8F767}.Release|Any CPU.Build.0 = Release|Any CPU
		{3554D0E8-65B8-4F5E-8553-EAFC9F877E1D}.Debug|Any CPU.ActiveCfg = Debug|Any CPU
		{3554D0E8-65B8-4F5E-8553-EAFC9F877E1D}.Debug|Any CPU.Build.0 = Debug|Any CPU
		{3554D0E8-65B8-4F5E-8553-EAFC9F877E1D}.Release|Any CPU.ActiveCfg = Release|Any CPU
		{3554D0E8-65B8-4F5E-8553-EAFC9F877E1D}.Release|Any CPU.Build.0 = Release|Any CPU
	EndGlobalSection
	GlobalSection(SolutionProperties) = preSolution
		HideSolutionNode = FALSE
	EndGlobalSection
	GlobalSection(ExtensibilityGlobals) = postSolution
		SolutionGuid = {5A4822D0-A4E7-4BB8-8E17-A9B38D4058B3}
	EndGlobalSection
EndGlobal
